version = 1
revision = 1
requires-python = ">=3.12"

[[package]]
name = "asgiref"
version = "3.8.1"
source = { registry = "https://pypi.org/simple" }
sdist = { url = "https://files.pythonhosted.org/packages/29/38/b3395cc9ad1b56d2ddac9970bc8f4141312dbaec28bc7c218b0dfafd0f42/asgiref-3.8.1.tar.gz", hash = "sha256:c343bd80a0bec947a9860adb4c432ffa7db769836c64238fc34bdc3fec84d590", size = 35186 }
wheels = [
    { url = "https://files.pythonhosted.org/packages/39/e3/893e8757be2612e6c266d9bb58ad2e3651524b5b40cf56761e985a28b13e/asgiref-3.8.1-py3-none-any.whl", hash = "sha256:3e1e3ecc849832fe52ccf2cb6686b7a55f82bb1d6aee72a58826471390335e47", size = 23828 },
]

[[package]]
name = "biblio"
version = "0.2.2"
source = { virtual = "." }
dependencies = [
    { name = "django" },
    { name = "django-components" },
    { name = "djangorestframework" },
    { name = "djangorestframework-simplejwt" },
    { name = "gnureadline" },
    { name = "plotly" },
]

[package.optional-dependencies]
dev = [
    { name = "coverage" },
    { name = "radon" },
    { name = "ruff" },
]

[package.metadata]
requires-dist = [
    { name = "coverage", marker = "extra == 'dev'", specifier = ">=7.6.9" },
    { name = "django", specifier = ">=5.1.4" },
    { name = "django-components", specifier = ">=0.134" },
    { name = "djangorestframework", specifier = ">=3.15.2" },
    { name = "djangorestframework-simplejwt", specifier = ">=5.3.1" },
    { name = "gnureadline", specifier = ">=8.2.13" },
    { name = "plotly", specifier = ">=5.24.1" },
    { name = "radon", marker = "extra == 'dev'", specifier = ">=6.0.1" },
    { name = "ruff", marker = "extra == 'dev'", specifier = ">=0.8.4" },
]
provides-extras = ["dev"]

[[package]]
name = "colorama"
version = "0.4.6"
source = { registry = "https://pypi.org/simple" }
sdist = { url = "https://files.pythonhosted.org/packages/d8/53/6f443c9a4a8358a93a6792e2acffb9d9d5cb0a5cfd8802644b7b1c9a02e4/colorama-0.4.6.tar.gz", hash = "sha256:08695f5cb7ed6e0531a20572697297273c47b8cae5a63ffc6d6ed5c201be6e44", size = 27697 }
wheels = [
    { url = "https://files.pythonhosted.org/packages/d1/d6/3965ed04c63042e047cb6a3e6ed1a63a35087b6a609aa3a15ed8ac56c221/colorama-0.4.6-py2.py3-none-any.whl", hash = "sha256:4f1d9991f5acc0ca119f9d443620b77f9d6b33703e51011c16baf57afb285fc6", size = 25335 },
]

[[package]]
name = "coverage"
version = "7.6.9"
source = { registry = "https://pypi.org/simple" }
sdist = { url = "https://files.pythonhosted.org/packages/5b/d2/c25011f4d036cf7e8acbbee07a8e09e9018390aee25ba085596c4b83d510/coverage-7.6.9.tar.gz", hash = "sha256:4a8d8977b0c6ef5aeadcb644da9e69ae0dcfe66ec7f368c89c72e058bd71164d", size = 801710 }
wheels = [
    { url = "https://files.pythonhosted.org/packages/60/52/b16af8989a2daf0f80a88522bd8e8eed90b5fcbdecf02a6888f3e80f6ba7/coverage-7.6.9-cp312-cp312-macosx_10_13_x86_64.whl", hash = "sha256:99e266ae0b5d15f1ca8d278a668df6f51cc4b854513daab5cae695ed7b721cf8", size = 207325 },
    { url = "https://files.pythonhosted.org/packages/0f/79/6b7826fca8846c1216a113227b9f114ac3e6eacf168b4adcad0cb974aaca/coverage-7.6.9-cp312-cp312-macosx_11_0_arm64.whl", hash = "sha256:9901d36492009a0a9b94b20e52ebfc8453bf49bb2b27bca2c9706f8b4f5a554a", size = 207563 },
    { url = "https://files.pythonhosted.org/packages/a7/07/0bc73da0ccaf45d0d64ef86d33b7d7fdeef84b4c44bf6b85fb12c215c5a6/coverage-7.6.9-cp312-cp312-manylinux_2_17_aarch64.manylinux2014_aarch64.whl", hash = "sha256:abd3e72dd5b97e3af4246cdada7738ef0e608168de952b837b8dd7e90341f015", size = 240580 },
    { url = "https://files.pythonhosted.org/packages/71/8a/9761f409910961647d892454687cedbaccb99aae828f49486734a82ede6e/coverage-7.6.9-cp312-cp312-manylinux_2_5_i686.manylinux1_i686.manylinux_2_17_i686.manylinux2014_i686.whl", hash = "sha256:ff74026a461eb0660366fb01c650c1d00f833a086b336bdad7ab00cc952072b3", size = 237613 },
    { url = "https://files.pythonhosted.org/packages/8b/10/ee7d696a17ac94f32f2dbda1e17e730bf798ae9931aec1fc01c1944cd4de/coverage-7.6.9-cp312-cp312-manylinux_2_5_x86_64.manylinux1_x86_64.manylinux_2_17_x86_64.manylinux2014_x86_64.whl", hash = "sha256:65dad5a248823a4996724a88eb51d4b31587aa7aa428562dbe459c684e5787ae", size = 239684 },
    { url = "https://files.pythonhosted.org/packages/16/60/aa1066040d3c52fff051243c2d6ccda264da72dc6d199d047624d395b2b2/coverage-7.6.9-cp312-cp312-musllinux_1_2_aarch64.whl", hash = "sha256:22be16571504c9ccea919fcedb459d5ab20d41172056206eb2994e2ff06118a4", size = 239112 },
    { url = "https://files.pythonhosted.org/packages/4e/e5/69f35344c6f932ba9028bf168d14a79fedb0dd4849b796d43c81ce75a3c9/coverage-7.6.9-cp312-cp312-musllinux_1_2_i686.whl", hash = "sha256:0f957943bc718b87144ecaee70762bc2bc3f1a7a53c7b861103546d3a403f0a6", size = 237428 },
    { url = "https://files.pythonhosted.org/packages/32/20/adc895523c4a28f63441b8ac645abd74f9bdd499d2d175bef5b41fc7f92d/coverage-7.6.9-cp312-cp312-musllinux_1_2_x86_64.whl", hash = "sha256:0ae1387db4aecb1f485fb70a6c0148c6cdaebb6038f1d40089b1fc84a5db556f", size = 239098 },
    { url = "https://files.pythonhosted.org/packages/a9/a6/e0e74230c9bb3549ec8ffc137cfd16ea5d56e993d6bffed2218bff6187e3/coverage-7.6.9-cp312-cp312-win32.whl", hash = "sha256:1a330812d9cc7ac2182586f6d41b4d0fadf9be9049f350e0efb275c8ee8eb692", size = 209940 },
    { url = "https://files.pythonhosted.org/packages/3e/18/cb5b88349d4aa2f41ec78d65f92ea32572b30b3f55bc2b70e87578b8f434/coverage-7.6.9-cp312-cp312-win_amd64.whl", hash = "sha256:b12c6b18269ca471eedd41c1b6a1065b2f7827508edb9a7ed5555e9a56dcfc97", size = 210726 },
    { url = "https://files.pythonhosted.org/packages/35/26/9abab6539d2191dbda2ce8c97b67d74cbfc966cc5b25abb880ffc7c459bc/coverage-7.6.9-cp313-cp313-macosx_10_13_x86_64.whl", hash = "sha256:899b8cd4781c400454f2f64f7776a5d87bbd7b3e7f7bda0cb18f857bb1334664", size = 207356 },
    { url = "https://files.pythonhosted.org/packages/44/da/d49f19402240c93453f606e660a6676a2a1fbbaa6870cc23207790aa9697/coverage-7.6.9-cp313-cp313-macosx_11_0_arm64.whl", hash = "sha256:61f70dc68bd36810972e55bbbe83674ea073dd1dcc121040a08cdf3416c5349c", size = 207614 },
    { url = "https://files.pythonhosted.org/packages/da/e6/93bb9bf85497816082ec8da6124c25efa2052bd4c887dd3b317b91990c9e/coverage-7.6.9-cp313-cp313-manylinux_2_17_aarch64.manylinux2014_aarch64.whl", hash = "sha256:8a289d23d4c46f1a82d5db4abeb40b9b5be91731ee19a379d15790e53031c014", size = 240129 },
    { url = "https://files.pythonhosted.org/packages/df/65/6a824b9406fe066835c1274a9949e06f084d3e605eb1a602727a27ec2fe3/coverage-7.6.9-cp313-cp313-manylinux_2_5_i686.manylinux1_i686.manylinux_2_17_i686.manylinux2014_i686.whl", hash = "sha256:7e216d8044a356fc0337c7a2a0536d6de07888d7bcda76febcb8adc50bdbbd00", size = 237276 },
    { url = "https://files.pythonhosted.org/packages/9f/79/6c7a800913a9dd23ac8c8da133ebb556771a5a3d4df36b46767b1baffd35/coverage-7.6.9-cp313-cp313-manylinux_2_5_x86_64.manylinux1_x86_64.manylinux_2_17_x86_64.manylinux2014_x86_64.whl", hash = "sha256:3c026eb44f744acaa2bda7493dad903aa5bf5fc4f2554293a798d5606710055d", size = 239267 },
    { url = "https://files.pythonhosted.org/packages/57/e7/834d530293fdc8a63ba8ff70033d5182022e569eceb9aec7fc716b678a39/coverage-7.6.9-cp313-cp313-musllinux_1_2_aarch64.whl", hash = "sha256:e77363e8425325384f9d49272c54045bbed2f478e9dd698dbc65dbc37860eb0a", size = 238887 },
    { url = "https://files.pythonhosted.org/packages/15/05/ec9d6080852984f7163c96984444e7cd98b338fd045b191064f943ee1c08/coverage-7.6.9-cp313-cp313-musllinux_1_2_i686.whl", hash = "sha256:777abfab476cf83b5177b84d7486497e034eb9eaea0d746ce0c1268c71652077", size = 236970 },
    { url = "https://files.pythonhosted.org/packages/0a/d8/775937670b93156aec29f694ce37f56214ed7597e1a75b4083ee4c32121c/coverage-7.6.9-cp313-cp313-musllinux_1_2_x86_64.whl", hash = "sha256:447af20e25fdbe16f26e84eb714ba21d98868705cb138252d28bc400381f6ffb", size = 238831 },
    { url = "https://files.pythonhosted.org/packages/f4/58/88551cb7fdd5ec98cb6044e8814e38583436b14040a5ece15349c44c8f7c/coverage-7.6.9-cp313-cp313-win32.whl", hash = "sha256:d872ec5aeb086cbea771c573600d47944eea2dcba8be5f3ee649bfe3cb8dc9ba", size = 210000 },
    { url = "https://files.pythonhosted.org/packages/b7/12/cfbf49b95120872785ff8d56ab1c7fe3970a65e35010c311d7dd35c5fd00/coverage-7.6.9-cp313-cp313-win_amd64.whl", hash = "sha256:fd1213c86e48dfdc5a0cc676551db467495a95a662d2396ecd58e719191446e1", size = 210753 },
    { url = "https://files.pythonhosted.org/packages/7c/68/c1cb31445599b04bde21cbbaa6d21b47c5823cdfef99eae470dfce49c35a/coverage-7.6.9-cp313-cp313t-macosx_10_13_x86_64.whl", hash = "sha256:ba9e7484d286cd5a43744e5f47b0b3fb457865baf07bafc6bee91896364e1419", size = 208091 },
    { url = "https://files.pythonhosted.org/packages/11/73/84b02c6b19c4a11eb2d5b5eabe926fb26c21c080e0852f5e5a4f01165f9e/coverage-7.6.9-cp313-cp313t-macosx_11_0_arm64.whl", hash = "sha256:e5ea1cf0872ee455c03e5674b5bca5e3e68e159379c1af0903e89f5eba9ccc3a", size = 208369 },
    { url = "https://files.pythonhosted.org/packages/de/e0/ae5d878b72ff26df2e994a5c5b1c1f6a7507d976b23beecb1ed4c85411ef/coverage-7.6.9-cp313-cp313t-manylinux_2_17_aarch64.manylinux2014_aarch64.whl", hash = "sha256:2d10e07aa2b91835d6abec555ec8b2733347956991901eea6ffac295f83a30e4", size = 251089 },
    { url = "https://files.pythonhosted.org/packages/ab/9c/0aaac011aef95a93ef3cb2fba3fde30bc7e68a6635199ed469b1f5ea355a/coverage-7.6.9-cp313-cp313t-manylinux_2_5_i686.manylinux1_i686.manylinux_2_17_i686.manylinux2014_i686.whl", hash = "sha256:13a9e2d3ee855db3dd6ea1ba5203316a1b1fd8eaeffc37c5b54987e61e4194ae", size = 246806 },
    { url = "https://files.pythonhosted.org/packages/f8/19/4d5d3ae66938a7dcb2f58cef3fa5386f838f469575b0bb568c8cc9e3a33d/coverage-7.6.9-cp313-cp313t-manylinux_2_5_x86_64.manylinux1_x86_64.manylinux_2_17_x86_64.manylinux2014_x86_64.whl", hash = "sha256:9c38bf15a40ccf5619fa2fe8f26106c7e8e080d7760aeccb3722664c8656b030", size = 249164 },
    { url = "https://files.pythonhosted.org/packages/b3/0b/4ee8a7821f682af9ad440ae3c1e379da89a998883271f088102d7ca2473d/coverage-7.6.9-cp313-cp313t-musllinux_1_2_aarch64.whl", hash = "sha256:d5275455b3e4627c8e7154feaf7ee0743c2e7af82f6e3b561967b1cca755a0be", size = 248642 },
    { url = "https://files.pythonhosted.org/packages/8a/12/36ff1d52be18a16b4700f561852e7afd8df56363a5edcfb04cf26a0e19e0/coverage-7.6.9-cp313-cp313t-musllinux_1_2_i686.whl", hash = "sha256:8f8770dfc6e2c6a2d4569f411015c8d751c980d17a14b0530da2d7f27ffdd88e", size = 246516 },
    { url = "https://files.pythonhosted.org/packages/43/d0/8e258f6c3a527c1655602f4f576215e055ac704de2d101710a71a2affac2/coverage-7.6.9-cp313-cp313t-musllinux_1_2_x86_64.whl", hash = "sha256:8d2dfa71665a29b153a9681edb1c8d9c1ea50dfc2375fb4dac99ea7e21a0bcd9", size = 247783 },
    { url = "https://files.pythonhosted.org/packages/a9/0d/1e4a48d289429d38aae3babdfcadbf35ca36bdcf3efc8f09b550a845bdb5/coverage-7.6.9-cp313-cp313t-win32.whl", hash = "sha256:5e6b86b5847a016d0fbd31ffe1001b63355ed309651851295315031ea7eb5a9b", size = 210646 },
    { url = "https://files.pythonhosted.org/packages/26/74/b0729f196f328ac55e42b1e22ec2f16d8bcafe4b8158a26ec9f1cdd1d93e/coverage-7.6.9-cp313-cp313t-win_amd64.whl", hash = "sha256:97ddc94d46088304772d21b060041c97fc16bdda13c6c7f9d8fcd8d5ae0d8611", size = 211815 },
]

[[package]]
name = "django"
version = "5.1.4"
source = { registry = "https://pypi.org/simple" }
dependencies = [
    { name = "asgiref" },
    { name = "sqlparse" },
    { name = "tzdata", marker = "sys_platform == 'win32'" },
]
sdist = { url = "https://files.pythonhosted.org/packages/d3/e8/536555596dbb79f6e77418aeb40bdc1758c26725aba31919ba449e6d5e6a/Django-5.1.4.tar.gz", hash = "sha256:de450c09e91879fa5a307f696e57c851955c910a438a35e6b4c895e86bedc82a", size = 10716397 }
wheels = [
    { url = "https://files.pythonhosted.org/packages/58/0b/8a4ab2c02982df4ed41e29f28f189459a7eba37899438e6bea7f39db793b/Django-5.1.4-py3-none-any.whl", hash = "sha256:236e023f021f5ce7dee5779de7b286565fdea5f4ab86bae5338e3f7b69896cf0", size = 8276471 },
]

[[package]]
name = "django-components"
version = "0.134"
source = { registry = "https://pypi.org/simple" }
dependencies = [
    { name = "django" },
    { name = "djc-core-html-parser" },
]
sdist = { url = "https://files.pythonhosted.org/packages/4a/00/f003f0abd2990d0327002f15debe9c1eb1d8ab1af04fef5db925f9e4272b/django_components-0.134.tar.gz", hash = "sha256:7b73e86cab0e127cad0421742c286bf8d987923ea541c74f2a0891d65fb80072", size = 157552 }
wheels = [
    { url = "https://files.pythonhosted.org/packages/4a/78/b7bb7154e8af45cfa147605c740375e9c0e0a530ba493818bf4df3efeec7/django_components-0.134-py3-none-any.whl", hash = "sha256:985fa8c3536b6b82b3d41ccf7e4b3189b4ecd6ec429b3d60374c15c702d4f901", size = 178287 },
]

[[package]]
name = "djangorestframework"
version = "3.15.2"
source = { registry = "https://pypi.org/simple" }
dependencies = [
    { name = "django" },
]
sdist = { url = "https://files.pythonhosted.org/packages/2c/ce/31482eb688bdb4e271027076199e1aa8d02507e530b6d272ab8b4481557c/djangorestframework-3.15.2.tar.gz", hash = "sha256:36fe88cd2d6c6bec23dca9804bab2ba5517a8bb9d8f47ebc68981b56840107ad", size = 1067420 }
wheels = [
    { url = "https://files.pythonhosted.org/packages/7c/b6/fa99d8f05eff3a9310286ae84c4059b08c301ae4ab33ae32e46e8ef76491/djangorestframework-3.15.2-py3-none-any.whl", hash = "sha256:2b8871b062ba1aefc2de01f773875441a961fefbf79f5eed1e32b2f096944b20", size = 1071235 },
]

[[package]]
name = "djangorestframework-simplejwt"
version = "5.3.1"
source = { registry = "https://pypi.org/simple" }
dependencies = [
    { name = "django" },
    { name = "djangorestframework" },
    { name = "pyjwt" },
]
sdist = { url = "https://files.pythonhosted.org/packages/ac/f3/f2ce06fcd1c53e12b26cc5a3ec9e0acd47eb4be02e1d24de50edee5c5abf/djangorestframework_simplejwt-5.3.1.tar.gz", hash = "sha256:6c4bd37537440bc439564ebf7d6085e74c5411485197073f508ebdfa34bc9fae", size = 94266 }
wheels = [
    { url = "https://files.pythonhosted.org/packages/f2/ab/88f73cf08d2ad3fb9f71b956dceca5680a57f121e5ce9a604f365877d57e/djangorestframework_simplejwt-5.3.1-py3-none-any.whl", hash = "sha256:381bc966aa46913905629d472cd72ad45faa265509764e20ffd440164c88d220", size = 101339 },
]

[[package]]
name = "djc-core-html-parser"
version = "1.0.2"
source = { registry = "https://pypi.org/simple" }
sdist = { url = "https://files.pythonhosted.org/packages/2a/fd/841abba157450b526f49026703f20f21992075d9f882e878a96177014ade/djc_core_html_parser-1.0.2.tar.gz", hash = "sha256:8e98741832b1c0c36348022107d9536c466a952c8f07343f3632165db6f393c2", size = 17257 }
wheels = [
    { url = "https://files.pythonhosted.org/packages/c9/99/b4782dbcefede2368924939efe7ed807607528142975cc7931ab2bd880c1/djc_core_html_parser-1.0.2-cp312-cp312-macosx_10_12_x86_64.whl", hash = "sha256:7a6588f6f3ac7f825ebd70ed0fd348ffcbb71b67a6b97a9f0918abc951c026b1", size = 249739 },
    { url = "https://files.pythonhosted.org/packages/0d/38/f3e518c3d4c751c99241113c15d85422c3c1237d063eca9bebb466c4d187/djc_core_html_parser-1.0.2-cp312-cp312-macosx_11_0_arm64.whl", hash = "sha256:72af514de25754c6c0707217251bed43cbbd2727c5e1c30951778e8834917c96", size = 239841 },
    { url = "https://files.pythonhosted.org/packages/b6/fc/08ce09f4e25e47b2bc919a6b510588a83eadcd99ba184c39ce0c2572fa42/djc_core_html_parser-1.0.2-cp312-cp312-manylinux_2_17_aarch64.manylinux2014_aarch64.whl", hash = "sha256:f89a736c221ded75d94ca12258fb5447429bc0376abcf33e940b81a7a5392776", size = 1009455 },
    { url = "https://files.pythonhosted.org/packages/2f/f7/d90e6cc9ff249ad1c1cac7b7ef8da1bbf787dde91dc752e95f7021c9cb4a/djc_core_html_parser-1.0.2-cp312-cp312-manylinux_2_17_armv7l.manylinux2014_armv7l.whl", hash = "sha256:cf9003ec550616b2d8721f00c4c27c1c5d30500ba9f308f5e91a37525443b09b", size = 1021507 },
    { url = "https://files.pythonhosted.org/packages/aa/bd/8dd766a981d692dbbb68360973e00d4a0233369398d692da95cdcd17df6e/djc_core_html_parser-1.0.2-cp312-cp312-manylinux_2_17_ppc64le.manylinux2014_ppc64le.whl", hash = "sha256:0ad02194a500a72a4715403796e51e7b31bbe36ed2e15260467e51a4378013ed", size = 1024385 },
    { url = "https://files.pythonhosted.org/packages/23/c5/0e42b1aa8c605c4ab5d1a36da92b1b494fb6ab4a49c8433d2881b461345c/djc_core_html_parser-1.0.2-cp312-cp312-manylinux_2_17_s390x.manylinux2014_s390x.whl", hash = "sha256:e803b4e2c6d54a806c37b8eb93c0e4ef2ffca183b8ec5c20ccb4bfd162ff5161", size = 1253049 },
    { url = "https://files.pythonhosted.org/packages/86/77/4680db49fd441012cabe5def3135dadffe512cb731d0e90587b71f564461/djc_core_html_parser-1.0.2-cp312-cp312-manylinux_2_17_x86_64.manylinux2014_x86_64.whl", hash = "sha256:e111631f773ce128854cc01ad197b555f2ffef1eb46ab46c1377df65e8fc59b2", size = 1026146 },
    { url = "https://files.pythonhosted.org/packages/be/5e/4f68ad7c35100203b2a39bcdc52a78047c5ebe4572e5cef869a2df1faf91/djc_core_html_parser-1.0.2-cp312-cp312-manylinux_2_5_i686.manylinux1_i686.whl", hash = "sha256:0778e4c43636882a070ab2955e9374cd152beebac75b91f9c2e5afbc474532c3", size = 1025129 },
    { url = "https://files.pythonhosted.org/packages/15/7c/81f91e9e0e76759f2be8ba8907b089b18790a4fd588427553ce35af0782b/djc_core_html_parser-1.0.2-cp312-cp312-musllinux_1_2_aarch64.whl", hash = "sha256:84b47cdcb695b0dbcef36f3dc67ff5b8c4bd8a9c4f9d70caf175fce8a4101787", size = 1183657 },
    { url = "https://files.pythonhosted.org/packages/3e/1a/8e26353daef325d5f9e8a14874467d4229f7144f021fc8d81c17cc4469e3/djc_core_html_parser-1.0.2-cp312-cp312-musllinux_1_2_armv7l.whl", hash = "sha256:cf31a0aa1449d7b5031e9f325225fba135899478b65cb49342c8260457aec4c4", size = 1280164 },
    { url = "https://files.pythonhosted.org/packages/57/2d/c3d45e379ad2a8dcb26a11f9ee98a9a3146ee06b2504fdb80f8f248fdbdc/djc_core_html_parser-1.0.2-cp312-cp312-musllinux_1_2_i686.whl", hash = "sha256:13faa923b650189a62311bd083181656fc90c3326af47a95ba532b0831db7971", size = 1197641 },
    { url = "https://files.pythonhosted.org/packages/38/69/4c87d0b244b6017a47ff3e18791fc5811505d0cb9f930d93788144b88756/djc_core_html_parser-1.0.2-cp312-cp312-musllinux_1_2_x86_64.whl", hash = "sha256:3d2fd9839321f645b6a7a27c1ac1ffab9a39d8262f6a2fa8570a12a27fe110f2", size = 1194521 },
    { url = "https://files.pythonhosted.org/packages/38/94/86b5f1f1eec3614675e88710acdb0f9408b464ca073408bde50e8efa026f/djc_core_html_parser-1.0.2-cp312-cp312-win32.whl", hash = "sha256:8c3add44f133c92db99e911a043c303991b3ee2e6fe562e66fef4109d7b8c49b", size = 135952 },
    { url = "https://files.pythonhosted.org/packages/33/37/5a2063aa64ab6e31e75edf8454d2673324f24466f2022f34bd0e32721fc3/djc_core_html_parser-1.0.2-cp312-cp312-win_amd64.whl", hash = "sha256:0c1d80854de1e419fef6474eee7018a5969ca6ed57cbcf1e8c909d387cf69654", size = 141509 },
    { url = "https://files.pythonhosted.org/packages/31/09/ba1f4b718acb9e309ac1affc24f4a8c05c7e7d3d6cb4ae468b7e4eaec7ce/djc_core_html_parser-1.0.2-cp313-cp313-macosx_10_12_x86_64.whl", hash = "sha256:7afb8054d4d6e14fe3965c3f45d2553bebd83fb8b38d1c7006aebd7af22b3653", size = 249739 },
    { url = "https://files.pythonhosted.org/packages/6c/e1/0bcc622ff7302a8ca7bcf4b2470a8a0d077511c0156a420ce7af08923cc0/djc_core_html_parser-1.0.2-cp313-cp313-macosx_11_0_arm64.whl", hash = "sha256:803c73f99ff644ab9961755b80143c4edeaa6ee88fc0faa0d887dadf3a26ad35", size = 239842 },
    { url = "https://files.pythonhosted.org/packages/cf/18/626061b9e6517e075d0139edf12fd6de024c08d4beb830452ab26d683555/djc_core_html_parser-1.0.2-cp313-cp313-manylinux_2_17_aarch64.manylinux2014_aarch64.whl", hash = "sha256:7b33636e8ed5615b4b7500428b69a30a3857ca050be7d350fbc57c8a025021b7", size = 1009456 },
    { url = "https://files.pythonhosted.org/packages/80/72/8c1788f9299fbba77d1dfad28201abc5af51fb1fe87248e0dd4c66c78317/djc_core_html_parser-1.0.2-cp313-cp313-manylinux_2_17_armv7l.manylinux2014_armv7l.whl", hash = "sha256:9a970c25f38f0cf59a2a6595b8a6834a514d5edee26e80170c65ca4a8ae41f0b", size = 1021508 },
    { url = "https://files.pythonhosted.org/packages/c3/2e/52deb6216ff1f5d398f01ef674fe6a61353ae86453f54ac7b291ed67054e/djc_core_html_parser-1.0.2-cp313-cp313-manylinux_2_17_ppc64le.manylinux2014_ppc64le.whl", hash = "sha256:93e99c4b3007d4bfa5dc239a7693e9c6edce5605436fd7dab612758a187c0020", size = 1024387 },
    { url = "https://files.pythonhosted.org/packages/7c/51/af3b44e27923d771c732bc28385417c962286d7f6ed855e31a3efcced408/djc_core_html_parser-1.0.2-cp313-cp313-manylinux_2_17_s390x.manylinux2014_s390x.whl", hash = "sha256:c5d8383126709abfad1ace658a8aefa72f9e56d77b1818929adad9066ac91594", size = 1253051 },
    { url = "https://files.pythonhosted.org/packages/de/52/631e7f4f45a73646133d0faa7a27c3233c59cd7429450c4cc5385ee7445d/djc_core_html_parser-1.0.2-cp313-cp313-manylinux_2_17_x86_64.manylinux2014_x86_64.whl", hash = "sha256:039c01b06f8ba01845ffdc09b21a5ee998141ff9b673c8b6fa6570e7531a8f10", size = 1026145 },
    { url = "https://files.pythonhosted.org/packages/63/1e/a69631bc755683f636bc56de842241d5af064df2b8741983922a4381fecc/djc_core_html_parser-1.0.2-cp313-cp313-manylinux_2_5_i686.manylinux1_i686.whl", hash = "sha256:cb9f839b226183214becad4355e3d5281ae78b4c5517fa77a552cd29cdbddc63", size = 1025128 },
    { url = "https://files.pythonhosted.org/packages/b1/3f/0048ddd81670ec5fd95a01f77cec20867e7572f009d4163b44cefd5f1017/djc_core_html_parser-1.0.2-cp313-cp313-musllinux_1_2_aarch64.whl", hash = "sha256:b296121c15e373c2569229907fb4f56ab01b184797215b2ad1bede2051900b08", size = 1183658 },
    { url = "https://files.pythonhosted.org/packages/bb/ab/090840898696ef388531d200bb6d08b72607f5d232c4d18c65d17651cb54/djc_core_html_parser-1.0.2-cp313-cp313-musllinux_1_2_armv7l.whl", hash = "sha256:23d834e4a91c3c96ba503bbf49bfd49b29f1f8f7437353cdeb5ec5988cc0562f", size = 1280163 },
    { url = "https://files.pythonhosted.org/packages/6f/c2/cfaf41a278b8485179d8ceed5cd8d2527294ec33cec7fd5c31257643410c/djc_core_html_parser-1.0.2-cp313-cp313-musllinux_1_2_i686.whl", hash = "sha256:6d0aa795126db1c495120076cb972fc8d6fbc63295d0011512e235cfaf5e4a78", size = 1197642 },
    { url = "https://files.pythonhosted.org/packages/4b/b7/eb53898f72dd05be0e78d5d50cd60426b56c8d1dc3eb574051cedd1603e9/djc_core_html_parser-1.0.2-cp313-cp313-musllinux_1_2_x86_64.whl", hash = "sha256:caa2651dbf3600d01685adb4f71520edfc0aba7ce7833608f332a2901d366d51", size = 1194522 },
    { url = "https://files.pythonhosted.org/packages/4d/92/d64b7bce2281ec90b1f7b5ca34599c2ab8795a441379f67f91e53fa02079/djc_core_html_parser-1.0.2-cp313-cp313-win32.whl", hash = "sha256:4d448ae5f64019af11cb92bd8e551fee75965e9d01822e8d392077e92036edea", size = 135950 },
    { url = "https://files.pythonhosted.org/packages/c8/37/c73e2453b1eae724c9c81a2c8d5dfbdbb516c0820eb51509438285f233e1/djc_core_html_parser-1.0.2-cp313-cp313-win_amd64.whl", hash = "sha256:c1091c414b662b3f8dd448153c2a69b735c53fca9e64c1b7cc9750a103297ae2", size = 141513 },
]

[[package]]
name = "gnureadline"
version = "8.2.13"
source = { registry = "https://pypi.org/simple" }
sdist = { url = "https://files.pythonhosted.org/packages/cb/92/20723aa239b9a8024e6f8358c789df8859ab1085a1ae106e5071727ad20f/gnureadline-8.2.13.tar.gz", hash = "sha256:c9b9e1e7ba99a80bb50c12027d6ce692574f77a65bf57bc97041cf81c0f49bd1", size = 3224991 }
wheels = [
    { url = "https://files.pythonhosted.org/packages/68/bd/df8fd060e43efd3dbdd3b210bf558ce3ef854843cd093f910f4115ebe2e9/gnureadline-8.2.13-cp312-cp312-macosx_10_13_x86_64.whl", hash = "sha256:9c152a82613fa012ab4331bb9a0ffddb415e37561d376b910bf9e7d535607faf", size = 160504 },
    { url = "https://files.pythonhosted.org/packages/97/ee/322e5340c8cdfa40e71bd0485a82404ad4cf9aed2260cca090f3c1a3a032/gnureadline-8.2.13-cp312-cp312-macosx_11_0_arm64.whl", hash = "sha256:85e362d2d0e85e45f0affae7bbfaf998b00167c55a78d31ee0f214de9ff429d2", size = 162380 },
    { url = "https://files.pythonhosted.org/packages/92/64/ae5598fd1dbf7de863cd7066798fe882f2e9b5dcdb49f8ad859e736c2212/gnureadline-8.2.13-cp312-cp312-manylinux_2_17_aarch64.manylinux2014_aarch64.whl", hash = "sha256:b69e6608cc94e110018b721a11718d480a6330e0b62cbab65a22880e84011205", size = 648192 },
    { url = "https://files.pythonhosted.org/packages/08/d3/1face508173298b6d4d9f96ad4e408bcbdea704c583646e41d0aa6826385/gnureadline-8.2.13-cp312-cp312-manylinux_2_17_x86_64.manylinux2014_x86_64.whl", hash = "sha256:0cc77fc9c8a8fcf10e0a554e49ee763219683386b8f906b7e6ef07c9e40e8420", size = 651945 },
    { url = "https://files.pythonhosted.org/packages/a1/b0/4a3c55a05b4c1c240fd6dc204ff597432008c4649ce500688a2441d27cf4/gnureadline-8.2.13-cp313-cp313-macosx_10_13_x86_64.whl", hash = "sha256:2d3e33d2e0dd694d623a2ca1fae6990b52f1d25955504b7293a9350fb9912940", size = 160646 },
    { url = "https://files.pythonhosted.org/packages/3a/41/8821db40f2b0dd9cc935d6838bc63776fb5bfb1df092f8d4698ec29ada6a/gnureadline-8.2.13-cp313-cp313-macosx_11_0_arm64.whl", hash = "sha256:6c550d08c4d2882a83293a724b14a262ee5078fd4fa7acdc78aa59cab26ae343", size = 162630 },
    { url = "https://files.pythonhosted.org/packages/16/8e/9f716757f875dfea0c9f5a323e103eec8a546e650a37c7f133a9b86c2c8f/gnureadline-8.2.13-cp313-cp313-manylinux_2_17_aarch64.manylinux2014_aarch64.whl", hash = "sha256:a7d6e3f5d9fd0cf8a84fb382d4e3ad2914331be4d929f17d50da01f1571c4b03", size = 650930 },
    { url = "https://files.pythonhosted.org/packages/ee/2c/29cc2b99b9c7f49041edefe3c051c566e60080631dd4241cae269a2f067b/gnureadline-8.2.13-cp313-cp313-manylinux_2_17_x86_64.manylinux2014_x86_64.whl", hash = "sha256:f59275168cae1b02ca1ec7586a9804bb04ce427df92f8582a80d16e96c846b78", size = 654619 },
]

[[package]]
name = "mando"
version = "0.7.1"
source = { registry = "https://pypi.org/simple" }
dependencies = [
    { name = "six" },
]
sdist = { url = "https://files.pythonhosted.org/packages/35/24/cd70d5ae6d35962be752feccb7dca80b5e0c2d450e995b16abd6275f3296/mando-0.7.1.tar.gz", hash = "sha256:18baa999b4b613faefb00eac4efadcf14f510b59b924b66e08289aa1de8c3500", size = 37868 }
wheels = [
    { url = "https://files.pythonhosted.org/packages/d2/f0/834e479e47e499b6478e807fb57b31cc2db696c4db30557bb6f5aea4a90b/mando-0.7.1-py2.py3-none-any.whl", hash = "sha256:26ef1d70928b6057ee3ca12583d73c63e05c49de8972d620c278a7b206581a8a", size = 28149 },
]

[[package]]
name = "packaging"
version = "24.2"
source = { registry = "https://pypi.org/simple" }
sdist = { url = "https://files.pythonhosted.org/packages/d0/63/68dbb6eb2de9cb10ee4c9c14a0148804425e13c4fb20d61cce69f53106da/packaging-24.2.tar.gz", hash = "sha256:c228a6dc5e932d346bc5739379109d49e8853dd8223571c7c5b55260edc0b97f", size = 163950 }
wheels = [
    { url = "https://files.pythonhosted.org/packages/88/ef/eb23f262cca3c0c4eb7ab1933c3b1f03d021f2c48f54763065b6f0e321be/packaging-24.2-py3-none-any.whl", hash = "sha256:09abb1bccd265c01f4a3aa3f7a7db064b36514d2cba19a2f694fe6150451a759", size = 65451 },
]

[[package]]
name = "plotly"
version = "5.24.1"
source = { registry = "https://pypi.org/simple" }
dependencies = [
    { name = "packaging" },
    { name = "tenacity" },
]
sdist = { url = "https://files.pythonhosted.org/packages/79/4f/428f6d959818d7425a94c190a6b26fbc58035cbef40bf249be0b62a9aedd/plotly-5.24.1.tar.gz", hash = "sha256:dbc8ac8339d248a4bcc36e08a5659bacfe1b079390b8953533f4eb22169b4bae", size = 9479398 }
wheels = [
    { url = "https://files.pythonhosted.org/packages/e5/ae/580600f441f6fc05218bd6c9d5794f4aef072a7d9093b291f1c50a9db8bc/plotly-5.24.1-py3-none-any.whl", hash = "sha256:f67073a1e637eb0dc3e46324d9d51e2fe76e9727c892dde64ddf1e1b51f29089", size = 19054220 },
]

[[package]]
name = "pyjwt"
version = "2.10.1"
source = { registry = "https://pypi.org/simple" }
sdist = { url = "https://files.pythonhosted.org/packages/e7/46/bd74733ff231675599650d3e47f361794b22ef3e3770998dda30d3b63726/pyjwt-2.10.1.tar.gz", hash = "sha256:3cc5772eb20009233caf06e9d8a0577824723b44e6648ee0a2aedb6cf9381953", size = 87785 }
wheels = [
    { url = "https://files.pythonhosted.org/packages/61/ad/689f02752eeec26aed679477e80e632ef1b682313be70793d798c1d5fc8f/PyJWT-2.10.1-py3-none-any.whl", hash = "sha256:dcdd193e30abefd5debf142f9adfcdd2b58004e644f25406ffaebd50bd98dacb", size = 22997 },
]

[[package]]
name = "radon"
version = "6.0.1"
source = { registry = "https://pypi.org/simple" }
dependencies = [
    { name = "colorama" },
    { name = "mando" },
]
sdist = { url = "https://files.pythonhosted.org/packages/b1/6d/98e61600febf6bd929cf04154537c39dc577ce414bafbfc24a286c4fa76d/radon-6.0.1.tar.gz", hash = "sha256:d1ac0053943a893878940fedc8b19ace70386fc9c9bf0a09229a44125ebf45b5", size = 1874992 }
wheels = [
    { url = "https://files.pythonhosted.org/packages/93/f7/d00d9b4a0313a6be3a3e0818e6375e15da6d7076f4ae47d1324e7ca986a1/radon-6.0.1-py2.py3-none-any.whl", hash = "sha256:632cc032364a6f8bb1010a2f6a12d0f14bc7e5ede76585ef29dc0cecf4cd8859", size = 52784 },
]

[[package]]
name = "ruff"
version = "0.8.4"
source = { registry = "https://pypi.org/simple" }
sdist = { url = "https://files.pythonhosted.org/packages/34/37/9c02181ef38d55b77d97c68b78e705fd14c0de0e5d085202bb2b52ce5be9/ruff-0.8.4.tar.gz", hash = "sha256:0d5f89f254836799af1615798caa5f80b7f935d7a670fad66c5007928e57ace8", size = 3402103 }
wheels = [
    { url = "https://files.pythonhosted.org/packages/05/67/f480bf2f2723b2e49af38ed2be75ccdb2798fca7d56279b585c8f553aaab/ruff-0.8.4-py3-none-linux_armv6l.whl", hash = "sha256:58072f0c06080276804c6a4e21a9045a706584a958e644353603d36ca1eb8a60", size = 10546415 },
    { url = "https://files.pythonhosted.org/packages/eb/7a/5aba20312c73f1ce61814e520d1920edf68ca3b9c507bd84d8546a8ecaa8/ruff-0.8.4-py3-none-macosx_10_12_x86_64.whl", hash = "sha256:ffb60904651c00a1e0b8df594591770018a0f04587f7deeb3838344fe3adabac", size = 10346113 },
    { url = "https://files.pythonhosted.org/packages/76/f4/c41de22b3728486f0aa95383a44c42657b2db4062f3234ca36fc8cf52d8b/ruff-0.8.4-py3-none-macosx_11_0_arm64.whl", hash = "sha256:6ddf5d654ac0d44389f6bf05cee4caeefc3132a64b58ea46738111d687352296", size = 9943564 },
    { url = "https://files.pythonhosted.org/packages/0e/f0/afa0d2191af495ac82d4cbbfd7a94e3df6f62a04ca412033e073b871fc6d/ruff-0.8.4-py3-none-manylinux_2_17_aarch64.manylinux2014_aarch64.whl", hash = "sha256:e248b1f0fa2749edd3350a2a342b67b43a2627434c059a063418e3d375cfe643", size = 10805522 },
    { url = "https://files.pythonhosted.org/packages/12/57/5d1e9a0fd0c228e663894e8e3a8e7063e5ee90f8e8e60cf2085f362bfa1a/ruff-0.8.4-py3-none-manylinux_2_17_armv7l.manylinux2014_armv7l.whl", hash = "sha256:bf197b98ed86e417412ee3b6c893f44c8864f816451441483253d5ff22c0e81e", size = 10306763 },
    { url = "https://files.pythonhosted.org/packages/04/df/f069fdb02e408be8aac6853583572a2873f87f866fe8515de65873caf6b8/ruff-0.8.4-py3-none-manylinux_2_17_i686.manylinux2014_i686.whl", hash = "sha256:c41319b85faa3aadd4d30cb1cffdd9ac6b89704ff79f7664b853785b48eccdf3", size = 11359574 },
    { url = "https://files.pythonhosted.org/packages/d3/04/37c27494cd02e4a8315680debfc6dfabcb97e597c07cce0044db1f9dfbe2/ruff-0.8.4-py3-none-manylinux_2_17_ppc64.manylinux2014_ppc64.whl", hash = "sha256:9f8402b7c4f96463f135e936d9ab77b65711fcd5d72e5d67597b543bbb43cf3f", size = 12094851 },
    { url = "https://files.pythonhosted.org/packages/81/b1/c5d7fb68506cab9832d208d03ea4668da9a9887a4a392f4f328b1bf734ad/ruff-0.8.4-py3-none-manylinux_2_17_ppc64le.manylinux2014_ppc64le.whl", hash = "sha256:e4e56b3baa9c23d324ead112a4fdf20db9a3f8f29eeabff1355114dd96014604", size = 11655539 },
    { url = "https://files.pythonhosted.org/packages/ef/38/8f8f2c8898dc8a7a49bc340cf6f00226917f0f5cb489e37075bcb2ce3671/ruff-0.8.4-py3-none-manylinux_2_17_s390x.manylinux2014_s390x.whl", hash = "sha256:736272574e97157f7edbbb43b1d046125fce9e7d8d583d5d65d0c9bf2c15addf", size = 12912805 },
    { url = "https://files.pythonhosted.org/packages/06/dd/fa6660c279f4eb320788876d0cff4ea18d9af7d9ed7216d7bd66877468d0/ruff-0.8.4-py3-none-manylinux_2_17_x86_64.manylinux2014_x86_64.whl", hash = "sha256:e5fe710ab6061592521f902fca7ebcb9fabd27bc7c57c764298b1c1f15fff720", size = 11205976 },
    { url = "https://files.pythonhosted.org/packages/a8/d7/de94cc89833b5de455750686c17c9e10f4e1ab7ccdc5521b8fe911d1477e/ruff-0.8.4-py3-none-musllinux_1_2_aarch64.whl", hash = "sha256:13e9ec6d6b55f6da412d59953d65d66e760d583dd3c1c72bf1f26435b5bfdbae", size = 10792039 },
    { url = "https://files.pythonhosted.org/packages/6d/15/3e4906559248bdbb74854af684314608297a05b996062c9d72e0ef7c7097/ruff-0.8.4-py3-none-musllinux_1_2_armv7l.whl", hash = "sha256:97d9aefef725348ad77d6db98b726cfdb075a40b936c7984088804dfd38268a7", size = 10400088 },
    { url = "https://files.pythonhosted.org/packages/a2/21/9ed4c0e8133cb4a87a18d470f534ad1a8a66d7bec493bcb8bda2d1a5d5be/ruff-0.8.4-py3-none-musllinux_1_2_i686.whl", hash = "sha256:ab78e33325a6f5374e04c2ab924a3367d69a0da36f8c9cb6b894a62017506111", size = 10900814 },
    { url = "https://files.pythonhosted.org/packages/0d/5d/122a65a18955bd9da2616b69bc839351f8baf23b2805b543aa2f0aed72b5/ruff-0.8.4-py3-none-musllinux_1_2_x86_64.whl", hash = "sha256:8ef06f66f4a05c3ddbc9121a8b0cecccd92c5bf3dd43b5472ffe40b8ca10f0f8", size = 11268828 },
    { url = "https://files.pythonhosted.org/packages/43/a9/1676ee9106995381e3d34bccac5bb28df70194167337ed4854c20f27c7ba/ruff-0.8.4-py3-none-win32.whl", hash = "sha256:552fb6d861320958ca5e15f28b20a3d071aa83b93caee33a87b471f99a6c0835", size = 8805621 },
    { url = "https://files.pythonhosted.org/packages/10/98/ed6b56a30ee76771c193ff7ceeaf1d2acc98d33a1a27b8479cbdb5c17a23/ruff-0.8.4-py3-none-win_amd64.whl", hash = "sha256:f21a1143776f8656d7f364bd264a9d60f01b7f52243fbe90e7670c0dfe0cf65d", size = 9660086 },
    { url = "https://files.pythonhosted.org/packages/13/9f/026e18ca7d7766783d779dae5e9c656746c6ede36ef73c6d934aaf4a6dec/ruff-0.8.4-py3-none-win_arm64.whl", hash = "sha256:9183dd615d8df50defa8b1d9a074053891ba39025cf5ae88e8bcb52edcc4bf08", size = 9074500 },
]

[[package]]
name = "six"
version = "1.17.0"
source = { registry = "https://pypi.org/simple" }
sdist = { url = "https://files.pythonhosted.org/packages/94/e7/b2c673351809dca68a0e064b6af791aa332cf192da575fd474ed7d6f16a2/six-1.17.0.tar.gz", hash = "sha256:ff70335d468e7eb6ec65b95b99d3a2836546063f63acc5171de367e834932a81", size = 34031 }
wheels = [
    { url = "https://files.pythonhosted.org/packages/b7/ce/149a00dd41f10bc29e5921b496af8b574d8413afcd5e30dfa0ed46c2cc5e/six-1.17.0-py2.py3-none-any.whl", hash = "sha256:4721f391ed90541fddacab5acf947aa0d3dc7d27b2e1e8eda2be8970586c3274", size = 11050 },
]

[[package]]
name = "sqlparse"
version = "0.5.3"
source = { registry = "https://pypi.org/simple" }
sdist = { url = "https://files.pythonhosted.org/packages/e5/40/edede8dd6977b0d3da179a342c198ed100dd2aba4be081861ee5911e4da4/sqlparse-0.5.3.tar.gz", hash = "sha256:09f67787f56a0b16ecdbde1bfc7f5d9c3371ca683cfeaa8e6ff60b4807ec9272", size = 84999 }
wheels = [
    { url = "https://files.pythonhosted.org/packages/a9/5c/bfd6bd0bf979426d405cc6e71eceb8701b148b16c21d2dc3c261efc61c7b/sqlparse-0.5.3-py3-none-any.whl", hash = "sha256:cf2196ed3418f3ba5de6af7e82c694a9fbdbfecccdfc72e281548517081f16ca", size = 44415 },
]

[[package]]
name = "tenacity"
version = "9.0.0"
source = { registry = "https://pypi.org/simple" }
sdist = { url = "https://files.pythonhosted.org/packages/cd/94/91fccdb4b8110642462e653d5dcb27e7b674742ad68efd146367da7bdb10/tenacity-9.0.0.tar.gz", hash = "sha256:807f37ca97d62aa361264d497b0e31e92b8027044942bfa756160d908320d73b", size = 47421 }
wheels = [
    { url = "https://files.pythonhosted.org/packages/b6/cb/b86984bed139586d01532a587464b5805f12e397594f19f931c4c2fbfa61/tenacity-9.0.0-py3-none-any.whl", hash = "sha256:93de0c98785b27fcf659856aa9f54bfbd399e29969b0621bc7f762bd441b4539", size = 28169 },
]

[[package]]
name = "tzdata"
version = "2024.2"
source = { registry = "https://pypi.org/simple" }
sdist = { url = "https://files.pythonhosted.org/packages/e1/34/943888654477a574a86a98e9896bae89c7aa15078ec29f490fef2f1e5384/tzdata-2024.2.tar.gz", hash = "sha256:7d85cc416e9382e69095b7bdf4afd9e3880418a2413feec7069d533d6b4e31cc", size = 193282 }
wheels = [
    { url = "https://files.pythonhosted.org/packages/a6/ab/7e5f53c3b9d14972843a647d8d7a853969a58aecc7559cb3267302c94774/tzdata-2024.2-py2.py3-none-any.whl", hash = "sha256:a48093786cdcde33cad18c2555e8532f34422074448fbc874186f0abd79565cd", size = 346586 },
]
